schema: '2.0'
stages:
  get_data:
    cmd: dvc pull data/winequalityN.csv
  train:
    cmd: python train.py
    deps:
    - path: data/winequalityN.csv
      md5: be27b6f214fffe4c84f60b2036c292a8
      size: 390376
    - path: train.py
      md5: 582d293dc6b99841e324a6ce37f298d2
      size: 3207
    outs:
    - path: results/fi_and_residuals.png
      md5: 0e7ae386449b4cd5b2e9255b0187d311
      size: 131735
    - path: results/metrics.txt
      md5: a2de8d1f95c777679a91593cb1bed8e5
      size: 33
